
Microsoft Visual Studio Solution File, Format Version 12.00
# Visual Studio Version 16
VisualStudioVersion = 16.0.31005.135
MinimumVisualStudioVersion = 10.0.40219.1
Project("{9A19103F-16F7-4668-BE54-9A1E7A4F7556}") = "OurOpenSource.Data.EasyMark", "OurOpenSource.Data.EasyMark\OurOpenSource.Data.EasyMark.csproj", "{EB5D87B6-43ED-48E8-957B-41CD9AEEDE96}"
EndProject
Project("{2150E333-8FDC-42A3-9474-1A3956D46DE8}") = "Solution Items", "Solution Items", "{9C017DF3-DF60-4A59-BE8E-EE67FB03BA92}"
	ProjectSection(SolutionItems) = preProject
		.gitattributes = .gitattributes
		.gitignore = .gitignore
		LICENSE = LICENSE
		NPP_UDL_EasyMark.xml = NPP_UDL_EasyMark.xml
		README.md = README.md
		UploadNugetPackage.ps1 = UploadNugetPackage.ps1
	EndProjectSection
EndProject
Project("{9A19103F-16F7-4668-BE54-9A1E7A4F7556}") = "Test_Console", "Test_Console\Test_Console.csproj", "{13A74995-2338-425E-8026-454919C18745}"
EndProject
Project("{9A19103F-16F7-4668-BE54-9A1E7A4F7556}") = "OurOpenSource.Data.EasyMark.WPF", "OurOpenSource.Data.EasyMark.WPF\OurOpenSource.Data.EasyMark.WPF.csproj", "{DDB9C978-CB96-4BEC-8780-0D94EBD42807}"
EndProject
Project("{9A19103F-16F7-4668-BE54-9A1E7A4F7556}") = "Test_WPF", "Test_WPF\Test_WPF.csproj", "{933E0A8B-63DB-4493-B437-89770D7F1A1F}"
EndProject
Project("{9A19103F-16F7-4668-BE54-9A1E7A4F7556}") = "OurOpenSource.Data.EasyMark.WinForms", "OurOpenSource.Data.EasyMark.WinForms\OurOpenSource.Data.EasyMark.WinForms.csproj", "{B7BD4918-39F8-42BC-A200-5ADC4FECBBDA}"
EndProject
Global
	GlobalSection(SolutionConfigurationPlatforms) = preSolution
		Debug|Any CPU = Debug|Any CPU
		Release|Any CPU = Release|Any CPU
	EndGlobalSection
	GlobalSection(ProjectConfigurationPlatforms) = postSolution
		{EB5D87B6-43ED-48E8-957B-41CD9AEEDE96}.Debug|Any CPU.ActiveCfg = Debug|Any CPU
		{EB5D87B6-43ED-48E8-957B-41CD9AEEDE96}.Debug|Any CPU.Build.0 = Debug|Any CPU
		{EB5D87B6-43ED-48E8-957B-41CD9AEEDE96}.Release|Any CPU.ActiveCfg = Release|Any CPU
		{EB5D87B6-43ED-48E8-957B-41CD9AEEDE96}.Release|Any CPU.Build.0 = Release|Any CPU
		{13A74995-2338-425E-8026-454919C18745}.Debug|Any CPU.ActiveCfg = Debug|Any CPU
		{13A74995-2338-425E-8026-454919C18745}.Debug|Any CPU.Build.0 = Debug|Any CPU
		{13A74995-2338-425E-8026-454919C18745}.Release|Any CPU.ActiveCfg = Release|Any CPU
		{13A74995-2338-425E-8026-454919C18745}.Release|Any CPU.Build.0 = Release|Any CPU
		{DDB9C978-CB96-4BEC-8780-0D94EBD42807}.Debug|Any CPU.ActiveCfg = Debug|Any CPU
		{DDB9C978-CB96-4BEC-8780-0D94EBD42807}.Debug|Any CPU.Build.0 = Debug|Any CPU
		{DDB9C978-CB96-4BEC-8780-0D94EBD42807}.Release|Any CPU.ActiveCfg = Release|Any CPU
		{DDB9C978-CB96-4BEC-8780-0D94EBD42807}.Release|Any CPU.Build.0 = Release|Any CPU
		{933E0A8B-63DB-4493-B437-89770D7F1A1F}.Debug|Any CPU.ActiveCfg = Debug|Any CPU
		{933E0A8B-63DB-4493-B437-89770D7F1A1F}.Debug|Any CPU.Build.0 = Debug|Any CPU
		{933E0A8B-63DB-4493-B437-89770D7F1A1F}.Release|Any CPU.ActiveCfg = Release|Any CPU
		{933E0A8B-63DB-4493-B437-89770D7F1A1F}.Release|Any CPU.Build.0 = Release|Any CPU
		{B7BD4918-39F8-42BC-A200-5ADC4FECBBDA}.Debug|Any CPU.ActiveCfg = Debug|Any CPU
		{B7BD4918-39F8-42BC-A200-5ADC4FECBBDA}.Debug|Any CPU.Build.0 = Debug|Any CPU
		{B7BD4918-39F8-42BC-A200-5ADC4FECBBDA}.Release|Any CPU.ActiveCfg = Release|Any CPU
		{B7BD4918-39F8-42BC-A200-5ADC4FECBBDA}.Release|Any CPU.Build.0 = Release|Any CPU
	EndGlobalSection
	GlobalSection(SolutionProperties) = preSolution
		HideSolutionNode = FALSE
	EndGlobalSection
	GlobalSection(ExtensibilityGlobals) = postSolution
		SolutionGuid = {C765698B-3794-4C31-AAB9-9E89EF880B3E}
	EndGlobalSection
EndGlobal
