
Microsoft Visual Studio Solution File, Format Version 12.00
# Visual Studio Version 16
VisualStudioVersion = 16.0.31005.135
MinimumVisualStudioVersion = 10.0.40219.1
Project("{9A19103F-16F7-4668-BE54-9A1E7A4F7556}") = "OurOpenSource.Data.EasyMark", "OurOpenSource.Data.EasyMark\OurOpenSource.Data.EasyMark.csproj", "{EB5D87B6-43ED-48E8-957B-41CD9AEEDE96}"
EndProject
Global
	GlobalSection(SolutionConfigurationPlatforms) = preSolution
		Debug|Any CPU = Debug|Any CPU
		Release|Any CPU = Release|Any CPU
	EndGlobalSection
	GlobalSection(ProjectConfigurationPlatforms) = postSolution
		{EB5D87B6-43ED-48E8-957B-41CD9AEEDE96}.Debug|Any CPU.ActiveCfg = Debug|Any CPU
		{EB5D87B6-43ED-48E8-957B-41CD9AEEDE96}.Debug|Any CPU.Build.0 = Debug|Any CPU
		{EB5D87B6-43ED-48E8-957B-41CD9AEEDE96}.Release|Any CPU.ActiveCfg = Release|Any CPU
		{EB5D87B6-43ED-48E8-957B-41CD9AEEDE96}.Release|Any CPU.Build.0 = Release|Any CPU
	EndGlobalSection
	GlobalSection(SolutionProperties) = preSolution
		HideSolutionNode = FALSE
	EndGlobalSection
	GlobalSection(ExtensibilityGlobals) = postSolution
		SolutionGuid = {C765698B-3794-4C31-AAB9-9E89EF880B3E}
	EndGlobalSection
EndGlobal
